github.com/arewabolu/GoHaskell v0.0.5 h1:6Out2nsMex3X7Y8hcV8iN90hOL5tCktzKLX2hMNUu1M=
github.com/arewabolu/GoHaskell v0.0.5/go.mod h1:khrj7nU7ytM2hOg/YsKlTw0ISyiiVuIViFMcTcAHrug=
github.com/arewabolu/csvmanager v1.1.0 h1:+hyTrHOtqPeiF40G6ldvbCTLJn65D+Y52Qqc338Ebck=
github.com/arewabolu/csvmanager v1.1.0/go.mod h1:/JY378TNOWjSUkfV8Ga7RkUA8TMDnM03EuhOaZacVP4=
golang.org/x/exp v0.0.0-20230626212559-97b1e661b5df h1:UA2aFVmmsIlefxMk29Dp2juaUSth8Pyn3Tq5Y5mJGME=
golang.org/x/exp v0.0.0-20230626212559-97b1e661b5df/go.mod h1:FXUEEKJgO7OQYeo8N01OfiKP8RXMtf6e8aTskBGqWdc=
